# This file is autogenerated, do not edit; changes may be undone by the next 'dep ensure'.


[[projects]]
  name = "github.com/Financial-Times/go-fthealth"
  packages = ["v1_1"]
  revision = "1b007e2b37b7936dfb6671fa17e5a29fd35a08ea"
  version = "0.4.0"

[[projects]]
  name = "github.com/Financial-Times/http-handlers-go"
  packages = ["httphandlers"]
  revision = "4e0e38de309b3d9b119be1ae17f0f7070309015b"
  version = "0.1.1-dp-upgrade-logrus-rc.1"

[[projects]]
  name = "github.com/Financial-Times/neo-model-utils-go"
  packages = ["mapper"]
  revision = "1a5407658c842183647f4799bb66ecac73af97a8"
  version = "0.2.0"

[[projects]]
  name = "github.com/Financial-Times/service-status-go"
  packages = [
    "buildinfo",
    "gtg",
    "httphandlers"
  ]
  revision = "3f5199736a3d7ae52394c63aac36834786825e21"
  version = "0.1.0"

[[projects]]
  name = "github.com/Financial-Times/transactionid-utils-go"
  packages = ["."]
  revision = "df2f00c734957c9dd651ce23ab0e0902504c7636"
  version = "v0.2.0"

[[projects]]
  name = "github.com/davecgh/go-spew"
  packages = ["spew"]
  revision = "346938d642f2ec3594ed81d874461961cd0faa76"
  version = "v1.1.0"

[[projects]]
  name = "github.com/gorilla/context"
  packages = ["."]
  revision = "08b5f424b9271eedf6f9f0ce86cb9396ed337a42"
  version = "v1.1.1"

[[projects]]
  name = "github.com/gorilla/mux"
  packages = ["."]
  revision = "bcd8bc72b08df0f70df986b97f95590779502d31"
  version = "v1.4.0"

[[projects]]
  name = "github.com/hashicorp/go-version"
  packages = ["."]
  revision = "03c5bf6be031b6dd45afec16b1cf94fc8938bc77"

[[projects]]
  name = "github.com/jawher/mow.cli"
  packages = ["."]
  revision = "8327d12beb75e6471b7f045588acc318d1147146"

[[projects]]
  name = "github.com/pkg/errors"
  packages = ["."]
  revision = "c605e284fe17294bda444b34710735b29d1a9d90"

[[projects]]
  name = "github.com/pmezard/go-difflib"
  packages = ["difflib"]
  revision = "792786c7400a136282c1664665ae0a8db921c6c2"
  version = "v1.0.0"

[[projects]]
  name = "github.com/rcrowley/go-metrics"
  packages = ["."]
  revision = "1f30fe9094a513ce4c700b9a54458bbb0c96996c"

[[projects]]
  name = "github.com/satori/go.uuid"
  packages = ["."]
  revision = "5bf94b69c6b68ee1b541973bb8e1144db23a194b"

[[projects]]
  name = "github.com/sirupsen/logrus"
  packages = [
    ".",
    "hooks/test"
  ]
  revision = "a3f95b5c423586578a4e099b11a46c2479628cac"
  version = "1.0.2"

[[projects]]
  name = "github.com/smartystreets/go-aws-auth"
  packages = ["."]
  revision = "8ef1316913ee4f44bc48c2456e44a5c1c68ea53b"
  version = "1.0.0"

[[projects]]
  name = "github.com/stretchr/objx"
  packages = ["."]
  revision = "1a9d0bb9f541897e62256577b352fdbc1fb4fd94"

[[projects]]
  name = "github.com/stretchr/testify"
  packages = [
    "assert",
    "mock",
    "require"
  ]
  revision = "05e8a0eda380579888eb53c394909df027f06991"

[[projects]]
  name = "golang.org/x/net"
  packages = ["context"]
  revision = "057a25b06247e0c51ba15d8ae475feb2fcb72164"

[[projects]]
  name = "golang.org/x/sys"
  packages = ["unix"]
  revision = "fb4cac33e3196ff7f507ab9b2d2a44b0142f5b5a"

[[projects]]
  name = "gopkg.in/olivere/elastic.v5"
  packages = [
    ".",
    "uritemplates"
  ]
  revision = "3113f9b9ad37509fe5f8a0e5e91c96fdc4435e26"
  version = "v5.0.41"

[solve-meta]
  analyzer-name = "dep"
  analyzer-version = 1
  inputs-digest = "efe757de7c3711767267698bff7caa8d7a8397d804bcb33a174edb4fcb56d388"
  solver-name = "gps-cdcl"
  solver-version = 1
